// !$*UTF8*$!
{
	archiveVersion = 1;
	classes = {
	};
	objectVersion = 51;
	objects = {

/* Begin PBXBuildFile section */
		0EDC83E498FA82BB4F43A4B2 /* Pods_StoryTests.framework in Frameworks */ = {isa = PBXBuildFile; fileRef = 3BECAE4C5A1CCFCDFA1FBF59 /* Pods_StoryTests.framework */; };
		428F087F253B498400BE7CA4 /* AppDelegate.swift in Sources */ = {isa = PBXBuildFile; fileRef = 428F087E253B498400BE7CA4 /* AppDelegate.swift */; };
		428F0881253B498400BE7CA4 /* SceneDelegate.swift in Sources */ = {isa = PBXBuildFile; fileRef = 428F0880253B498400BE7CA4 /* SceneDelegate.swift */; };
		428F0883253B498400BE7CA4 /* ViewController.swift in Sources */ = {isa = PBXBuildFile; fileRef = 428F0882253B498400BE7CA4 /* ViewController.swift */; };
		428F0888253B498500BE7CA4 /* Assets.xcassets in Resources */ = {isa = PBXBuildFile; fileRef = 428F0887253B498500BE7CA4 /* Assets.xcassets */; };
		428F088B253B498500BE7CA4 /* LaunchScreen.storyboard in Resources */ = {isa = PBXBuildFile; fileRef = 428F0889253B498500BE7CA4 /* LaunchScreen.storyboard */; };
		428F0896253B498500BE7CA4 /* StoryTests.swift in Sources */ = {isa = PBXBuildFile; fileRef = 428F0895253B498500BE7CA4 /* StoryTests.swift */; };
		428F08A1253B498500BE7CA4 /* StoryUITests.swift in Sources */ = {isa = PBXBuildFile; fileRef = 428F08A0253B498500BE7CA4 /* StoryUITests.swift */; };
		428F08F1253B533A00BE7CA4 /* UIViewExtension.swift in Sources */ = {isa = PBXBuildFile; fileRef = 428F08F0253B533A00BE7CA4 /* UIViewExtension.swift */; };
		428F0906253B571600BE7CA4 /* MainViewController.swift in Sources */ = {isa = PBXBuildFile; fileRef = 428F0905253B571600BE7CA4 /* MainViewController.swift */; };
		428F090B253B767600BE7CA4 /* CollectionViewCell.swift in Sources */ = {isa = PBXBuildFile; fileRef = 428F090A253B767600BE7CA4 /* CollectionViewCell.swift */; };
		428F0910253B82DB00BE7CA4 /* StoryViewController.swift in Sources */ = {isa = PBXBuildFile; fileRef = 428F090F253B82DB00BE7CA4 /* StoryViewController.swift */; };
		428F0915253B83F000BE7CA4 /* UIImageViewExtension.swift in Sources */ = {isa = PBXBuildFile; fileRef = 428F0914253B83F000BE7CA4 /* UIImageViewExtension.swift */; };
		428F091B253B9A0700BE7CA4 /* Constants.swift in Sources */ = {isa = PBXBuildFile; fileRef = 428F091A253B9A0700BE7CA4 /* Constants.swift */; };
		428F0920253B9D1700BE7CA4 /* ProfilesModel.swift in Sources */ = {isa = PBXBuildFile; fileRef = 428F091F253B9D1700BE7CA4 /* ProfilesModel.swift */; };
		428F0936253BA03400BE7CA4 /* story.json in Resources */ = {isa = PBXBuildFile; fileRef = 428F0935253BA03400BE7CA4 /* story.json */; };
		428F093B253BC9B300BE7CA4 /* MainView.swift in Sources */ = {isa = PBXBuildFile; fileRef = 428F093A253BC9B300BE7CA4 /* MainView.swift */; };
		42D538B9253BE5970006E1F5 /* StoryView.swift in Sources */ = {isa = PBXBuildFile; fileRef = 42D538B8253BE5970006E1F5 /* StoryView.swift */; };
		42D538C1253BE6E80006E1F5 /* StoryCell.swift in Sources */ = {isa = PBXBuildFile; fileRef = 42D538C0253BE6E80006E1F5 /* StoryCell.swift */; };
		42D53915253C60B80006E1F5 /* IGMockLoader.swift in Sources */ = {isa = PBXBuildFile; fileRef = 42D538EA253C60B80006E1F5 /* IGMockLoader.swift */; };
		42D53916253C60B80006E1F5 /* IGStoryPreviewCell.swift in Sources */ = {isa = PBXBuildFile; fileRef = 42D538EC253C60B80006E1F5 /* IGStoryPreviewCell.swift */; };
		42D53917253C60B80006E1F5 /* UIView+Extension.swift in Sources */ = {isa = PBXBuildFile; fileRef = 42D538EE253C60B80006E1F5 /* UIView+Extension.swift */; };
		42D53918253C60B80006E1F5 /* IGAdditions.swift in Sources */ = {isa = PBXBuildFile; fileRef = 42D538EF253C60B80006E1F5 /* IGAdditions.swift */; };
		42D53919253C60B80006E1F5 /* Color+Additions.swift in Sources */ = {isa = PBXBuildFile; fileRef = 42D538F0253C60B80006E1F5 /* Color+Additions.swift */; };
		42D5391A253C60B80006E1F5 /* ImageView+Additions.swift in Sources */ = {isa = PBXBuildFile; fileRef = 42D538F1253C60B80006E1F5 /* ImageView+Additions.swift */; };
		42D5391B253C60B80006E1F5 /* IGSnapProgressView.swift in Sources */ = {isa = PBXBuildFile; fileRef = 42D538F3253C60B80006E1F5 /* IGSnapProgressView.swift */; };
		42D5391C253C60B80006E1F5 /* IGStoryPreviewHeaderView.swift in Sources */ = {isa = PBXBuildFile; fileRef = 42D538F4253C60B80006E1F5 /* IGStoryPreviewHeaderView.swift */; };
		42D5391D253C60B80006E1F5 /* IGStory.swift in Sources */ = {isa = PBXBuildFile; fileRef = 42D538F6253C60B80006E1F5 /* IGStory.swift */; };
		42D5391E253C60B80006E1F5 /* IGStories.swift in Sources */ = {isa = PBXBuildFile; fileRef = 42D538F7253C60B80006E1F5 /* IGStories.swift */; };
		42D5391F253C60B80006E1F5 /* IGSnap.swift in Sources */ = {isa = PBXBuildFile; fileRef = 42D538F8253C60B80006E1F5 /* IGSnap.swift */; };
		42D53920253C60B80006E1F5 /* IGUser.swift in Sources */ = {isa = PBXBuildFile; fileRef = 42D538F9253C60B80006E1F5 /* IGUser.swift */; };
		42D53921253C60B80006E1F5 /* UIImageView+Extension.swift in Sources */ = {isa = PBXBuildFile; fileRef = 42D538FB253C60B80006E1F5 /* UIImageView+Extension.swift */; };
		42D53922253C60B80006E1F5 /* IGResult.swift in Sources */ = {isa = PBXBuildFile; fileRef = 42D538FC253C60B80006E1F5 /* IGResult.swift */; };
		42D53923253C60B80006E1F5 /* IGRoundedView.swift in Sources */ = {isa = PBXBuildFile; fileRef = 42D538FD253C60B80006E1F5 /* IGRoundedView.swift */; };
		42D53924253C60B80006E1F5 /* IGImageRequestable.swift in Sources */ = {isa = PBXBuildFile; fileRef = 42D538FE253C60B80006E1F5 /* IGImageRequestable.swift */; };
		42D53925253C60B80006E1F5 /* IGError.swift in Sources */ = {isa = PBXBuildFile; fileRef = 42D538FF253C60B80006E1F5 /* IGError.swift */; };
		42D53926253C60B80006E1F5 /* IGURLSession.swift in Sources */ = {isa = PBXBuildFile; fileRef = 42D53900253C60B80006E1F5 /* IGURLSession.swift */; };
		42D53927253C60B80006E1F5 /* IGCache.swift in Sources */ = {isa = PBXBuildFile; fileRef = 42D53901253C60B80006E1F5 /* IGCache.swift */; };
		42D53928253C60B80006E1F5 /* IGPlayerView.swift in Sources */ = {isa = PBXBuildFile; fileRef = 42D53903253C60B80006E1F5 /* IGPlayerView.swift */; };
		42D53929253C60B80006E1F5 /* IGCommon.swift in Sources */ = {isa = PBXBuildFile; fileRef = 42D53905253C60B80006E1F5 /* IGCommon.swift */; };
		42D5392A253C60B80006E1F5 /* IGConstants.swift in Sources */ = {isa = PBXBuildFile; fileRef = 42D53906253C60B80006E1F5 /* IGConstants.swift */; };
		42D5392B253C60B80006E1F5 /* IGRetryButton.swift in Sources */ = {isa = PBXBuildFile; fileRef = 42D53907253C60B80006E1F5 /* IGRetryButton.swift */; };
		42D5392C253C60B80006E1F5 /* IGStoryPreviewView.swift in Sources */ = {isa = PBXBuildFile; fileRef = 42D53909253C60B80006E1F5 /* IGStoryPreviewView.swift */; };
		42D5392D253C60B80006E1F5 /* Reachability.swift in Sources */ = {isa = PBXBuildFile; fileRef = 42D5390C253C60B80006E1F5 /* Reachability.swift */; };
		42D5392E253C60B80006E1F5 /* LICENSE in Resources */ = {isa = PBXBuildFile; fileRef = 42D5390E253C60B80006E1F5 /* LICENSE */; };
		42D5392F253C60B80006E1F5 /* CubeAttributesAnimator.swift in Sources */ = {isa = PBXBuildFile; fileRef = 42D53910253C60B80006E1F5 /* CubeAttributesAnimator.swift */; };
		42D53930253C60B80006E1F5 /* AnimatedCollectionViewLayout.swift in Sources */ = {isa = PBXBuildFile; fileRef = 42D53911253C60B80006E1F5 /* AnimatedCollectionViewLayout.swift */; };
		42D53931253C60B80006E1F5 /* UIView+Anchor.swift in Sources */ = {isa = PBXBuildFile; fileRef = 42D53912253C60B80006E1F5 /* UIView+Anchor.swift */; };
		42D53932253C60B80006E1F5 /* LayoutAttributesAnimator.swift in Sources */ = {isa = PBXBuildFile; fileRef = 42D53913253C60B80006E1F5 /* LayoutAttributesAnimator.swift */; };
		42D53933253C60B80006E1F5 /* README.md in Resources */ = {isa = PBXBuildFile; fileRef = 42D53914253C60B80006E1F5 /* README.md */; };
		42D53975253C9BC10006E1F5 /* SegmentedProgressBar.swift in Sources */ = {isa = PBXBuildFile; fileRef = 42D53974253C9BC10006E1F5 /* SegmentedProgressBar.swift */; };
		BDC2FC3A181912B29EA88DF1 /* Pods_Story_StoryUITests.framework in Frameworks */ = {isa = PBXBuildFile; fileRef = 1605583CDC1810D11CB060EE /* Pods_Story_StoryUITests.framework */; };
		C0B9678AE9596B4DFF35B3A2 /* Pods_Story.framework in Frameworks */ = {isa = PBXBuildFile; fileRef = BA21042812B67AAC6748A3C7 /* Pods_Story.framework */; };
/* End PBXBuildFile section */

/* Begin PBXContainerItemProxy section */
		428F0892253B498500BE7CA4 /* PBXContainerItemProxy */ = {
			isa = PBXContainerItemProxy;
			containerPortal = 428F0873253B498400BE7CA4 /* Project object */;
			proxyType = 1;
			remoteGlobalIDString = 428F087A253B498400BE7CA4;
			remoteInfo = Story;
		};
		428F089D253B498500BE7CA4 /* PBXContainerItemProxy */ = {
			isa = PBXContainerItemProxy;
			containerPortal = 428F0873253B498400BE7CA4 /* Project object */;
			proxyType = 1;
			remoteGlobalIDString = 428F087A253B498400BE7CA4;
			remoteInfo = Story;
		};
/* End PBXContainerItemProxy section */

/* Begin PBXFileReference section */
		1605583CDC1810D11CB060EE /* Pods_Story_StoryUITests.framework */ = {isa = PBXFileReference; explicitFileType = wrapper.framework; includeInIndex = 0; path = Pods_Story_StoryUITests.framework; sourceTree = BUILT_PRODUCTS_DIR; };
		3BECAE4C5A1CCFCDFA1FBF59 /* Pods_StoryTests.framework */ = {isa = PBXFileReference; explicitFileType = wrapper.framework; includeInIndex = 0; path = Pods_StoryTests.framework; sourceTree = BUILT_PRODUCTS_DIR; };
		428F087B253B498400BE7CA4 /* Story.app */ = {isa = PBXFileReference; explicitFileType = wrapper.application; includeInIndex = 0; path = Story.app; sourceTree = BUILT_PRODUCTS_DIR; };
		428F087E253B498400BE7CA4 /* AppDelegate.swift */ = {isa = PBXFileReference; lastKnownFileType = sourcecode.swift; path = AppDelegate.swift; sourceTree = "<group>"; };
		428F0880253B498400BE7CA4 /* SceneDelegate.swift */ = {isa = PBXFileReference; lastKnownFileType = sourcecode.swift; path = SceneDelegate.swift; sourceTree = "<group>"; };
		428F0882253B498400BE7CA4 /* ViewController.swift */ = {isa = PBXFileReference; lastKnownFileType = sourcecode.swift; path = ViewController.swift; sourceTree = "<group>"; };
		428F0887253B498500BE7CA4 /* Assets.xcassets */ = {isa = PBXFileReference; lastKnownFileType = folder.assetcatalog; path = Assets.xcassets; sourceTree = "<group>"; };
		428F088A253B498500BE7CA4 /* Base */ = {isa = PBXFileReference; lastKnownFileType = file.storyboard; name = Base; path = Base.lproj/LaunchScreen.storyboard; sourceTree = "<group>"; };
		428F088C253B498500BE7CA4 /* Info.plist */ = {isa = PBXFileReference; lastKnownFileType = text.plist.xml; path = Info.plist; sourceTree = "<group>"; };
		428F0891253B498500BE7CA4 /* StoryTests.xctest */ = {isa = PBXFileReference; explicitFileType = wrapper.cfbundle; includeInIndex = 0; path = StoryTests.xctest; sourceTree = BUILT_PRODUCTS_DIR; };
		428F0895253B498500BE7CA4 /* StoryTests.swift */ = {isa = PBXFileReference; lastKnownFileType = sourcecode.swift; path = StoryTests.swift; sourceTree = "<group>"; };
		428F0897253B498500BE7CA4 /* Info.plist */ = {isa = PBXFileReference; lastKnownFileType = text.plist.xml; path = Info.plist; sourceTree = "<group>"; };
		428F089C253B498500BE7CA4 /* StoryUITests.xctest */ = {isa = PBXFileReference; explicitFileType = wrapper.cfbundle; includeInIndex = 0; path = StoryUITests.xctest; sourceTree = BUILT_PRODUCTS_DIR; };
		428F08A0253B498500BE7CA4 /* StoryUITests.swift */ = {isa = PBXFileReference; lastKnownFileType = sourcecode.swift; path = StoryUITests.swift; sourceTree = "<group>"; };
		428F08A2253B498500BE7CA4 /* Info.plist */ = {isa = PBXFileReference; lastKnownFileType = text.plist.xml; path = Info.plist; sourceTree = "<group>"; };
		428F08F0253B533A00BE7CA4 /* UIViewExtension.swift */ = {isa = PBXFileReference; lastKnownFileType = sourcecode.swift; path = UIViewExtension.swift; sourceTree = "<group>"; };
		428F0905253B571600BE7CA4 /* MainViewController.swift */ = {isa = PBXFileReference; lastKnownFileType = sourcecode.swift; path = MainViewController.swift; sourceTree = "<group>"; };
		428F090A253B767600BE7CA4 /* CollectionViewCell.swift */ = {isa = PBXFileReference; lastKnownFileType = sourcecode.swift; path = CollectionViewCell.swift; sourceTree = "<group>"; };
		428F090F253B82DB00BE7CA4 /* StoryViewController.swift */ = {isa = PBXFileReference; lastKnownFileType = sourcecode.swift; path = StoryViewController.swift; sourceTree = "<group>"; };
		428F0914253B83F000BE7CA4 /* UIImageViewExtension.swift */ = {isa = PBXFileReference; lastKnownFileType = sourcecode.swift; path = UIImageViewExtension.swift; sourceTree = "<group>"; };
		428F091A253B9A0700BE7CA4 /* Constants.swift */ = {isa = PBXFileReference; lastKnownFileType = sourcecode.swift; path = Constants.swift; sourceTree = "<group>"; };
		428F091F253B9D1700BE7CA4 /* ProfilesModel.swift */ = {isa = PBXFileReference; lastKnownFileType = sourcecode.swift; path = ProfilesModel.swift; sourceTree = "<group>"; };
		428F0935253BA03400BE7CA4 /* story.json */ = {isa = PBXFileReference; fileEncoding = 4; lastKnownFileType = text.json; path = story.json; sourceTree = SOURCE_ROOT; };
		428F093A253BC9B300BE7CA4 /* MainView.swift */ = {isa = PBXFileReference; lastKnownFileType = sourcecode.swift; path = MainView.swift; sourceTree = "<group>"; };
		42D538B8253BE5970006E1F5 /* StoryView.swift */ = {isa = PBXFileReference; lastKnownFileType = sourcecode.swift; path = StoryView.swift; sourceTree = "<group>"; };
		42D538C0253BE6E80006E1F5 /* StoryCell.swift */ = {isa = PBXFileReference; lastKnownFileType = sourcecode.swift; path = StoryCell.swift; sourceTree = "<group>"; };
		42D538EA253C60B80006E1F5 /* IGMockLoader.swift */ = {isa = PBXFileReference; fileEncoding = 4; lastKnownFileType = sourcecode.swift; path = IGMockLoader.swift; sourceTree = "<group>"; };
		42D538EC253C60B80006E1F5 /* IGStoryPreviewCell.swift */ = {isa = PBXFileReference; fileEncoding = 4; lastKnownFileType = sourcecode.swift; path = IGStoryPreviewCell.swift; sourceTree = "<group>"; };
		42D538EE253C60B80006E1F5 /* UIView+Extension.swift */ = {isa = PBXFileReference; fileEncoding = 4; lastKnownFileType = sourcecode.swift; path = "UIView+Extension.swift"; sourceTree = "<group>"; };
		42D538EF253C60B80006E1F5 /* IGAdditions.swift */ = {isa = PBXFileReference; fileEncoding = 4; lastKnownFileType = sourcecode.swift; path = IGAdditions.swift; sourceTree = "<group>"; };
		42D538F0253C60B80006E1F5 /* Color+Additions.swift */ = {isa = PBXFileReference; fileEncoding = 4; lastKnownFileType = sourcecode.swift; path = "Color+Additions.swift"; sourceTree = "<group>"; };
		42D538F1253C60B80006E1F5 /* ImageView+Additions.swift */ = {isa = PBXFileReference; fileEncoding = 4; lastKnownFileType = sourcecode.swift; path = "ImageView+Additions.swift"; sourceTree = "<group>"; };
		42D538F3253C60B80006E1F5 /* IGSnapProgressView.swift */ = {isa = PBXFileReference; fileEncoding = 4; lastKnownFileType = sourcecode.swift; path = IGSnapProgressView.swift; sourceTree = "<group>"; };
		42D538F4253C60B80006E1F5 /* IGStoryPreviewHeaderView.swift */ = {isa = PBXFileReference; fileEncoding = 4; lastKnownFileType = sourcecode.swift; path = IGStoryPreviewHeaderView.swift; sourceTree = "<group>"; };
		42D538F6253C60B80006E1F5 /* IGStory.swift */ = {isa = PBXFileReference; fileEncoding = 4; lastKnownFileType = sourcecode.swift; path = IGStory.swift; sourceTree = "<group>"; };
		42D538F7253C60B80006E1F5 /* IGStories.swift */ = {isa = PBXFileReference; fileEncoding = 4; lastKnownFileType = sourcecode.swift; path = IGStories.swift; sourceTree = "<group>"; };
		42D538F8253C60B80006E1F5 /* IGSnap.swift */ = {isa = PBXFileReference; fileEncoding = 4; lastKnownFileType = sourcecode.swift; path = IGSnap.swift; sourceTree = "<group>"; };
		42D538F9253C60B80006E1F5 /* IGUser.swift */ = {isa = PBXFileReference; fileEncoding = 4; lastKnownFileType = sourcecode.swift; path = IGUser.swift; sourceTree = "<group>"; };
		42D538FB253C60B80006E1F5 /* UIImageView+Extension.swift */ = {isa = PBXFileReference; fileEncoding = 4; lastKnownFileType = sourcecode.swift; path = "UIImageView+Extension.swift"; sourceTree = "<group>"; };
		42D538FC253C60B80006E1F5 /* IGResult.swift */ = {isa = PBXFileReference; fileEncoding = 4; lastKnownFileType = sourcecode.swift; path = IGResult.swift; sourceTree = "<group>"; };
		42D538FD253C60B80006E1F5 /* IGRoundedView.swift */ = {isa = PBXFileReference; fileEncoding = 4; lastKnownFileType = sourcecode.swift; path = IGRoundedView.swift; sourceTree = "<group>"; };
		42D538FE253C60B80006E1F5 /* IGImageRequestable.swift */ = {isa = PBXFileReference; fileEncoding = 4; lastKnownFileType = sourcecode.swift; path = IGImageRequestable.swift; sourceTree = "<group>"; };
		42D538FF253C60B80006E1F5 /* IGError.swift */ = {isa = PBXFileReference; fileEncoding = 4; lastKnownFileType = sourcecode.swift; path = IGError.swift; sourceTree = "<group>"; };
		42D53900253C60B80006E1F5 /* IGURLSession.swift */ = {isa = PBXFileReference; fileEncoding = 4; lastKnownFileType = sourcecode.swift; path = IGURLSession.swift; sourceTree = "<group>"; };
		42D53901253C60B80006E1F5 /* IGCache.swift */ = {isa = PBXFileReference; fileEncoding = 4; lastKnownFileType = sourcecode.swift; path = IGCache.swift; sourceTree = "<group>"; };
		42D53903253C60B80006E1F5 /* IGPlayerView.swift */ = {isa = PBXFileReference; fileEncoding = 4; lastKnownFileType = sourcecode.swift; path = IGPlayerView.swift; sourceTree = "<group>"; };
		42D53905253C60B80006E1F5 /* IGCommon.swift */ = {isa = PBXFileReference; fileEncoding = 4; lastKnownFileType = sourcecode.swift; path = IGCommon.swift; sourceTree = "<group>"; };
		42D53906253C60B80006E1F5 /* IGConstants.swift */ = {isa = PBXFileReference; fileEncoding = 4; lastKnownFileType = sourcecode.swift; path = IGConstants.swift; sourceTree = "<group>"; };
		42D53907253C60B80006E1F5 /* IGRetryButton.swift */ = {isa = PBXFileReference; fileEncoding = 4; lastKnownFileType = sourcecode.swift; path = IGRetryButton.swift; sourceTree = "<group>"; };
		42D53909253C60B80006E1F5 /* IGStoryPreviewView.swift */ = {isa = PBXFileReference; fileEncoding = 4; lastKnownFileType = sourcecode.swift; path = IGStoryPreviewView.swift; sourceTree = "<group>"; };
		42D5390C253C60B80006E1F5 /* Reachability.swift */ = {isa = PBXFileReference; fileEncoding = 4; lastKnownFileType = sourcecode.swift; path = Reachability.swift; sourceTree = "<group>"; };
		42D5390E253C60B80006E1F5 /* LICENSE */ = {isa = PBXFileReference; fileEncoding = 4; lastKnownFileType = text; path = LICENSE; sourceTree = "<group>"; };
		42D53910253C60B80006E1F5 /* CubeAttributesAnimator.swift */ = {isa = PBXFileReference; fileEncoding = 4; lastKnownFileType = sourcecode.swift; path = CubeAttributesAnimator.swift; sourceTree = "<group>"; };
		42D53911253C60B80006E1F5 /* AnimatedCollectionViewLayout.swift */ = {isa = PBXFileReference; fileEncoding = 4; lastKnownFileType = sourcecode.swift; path = AnimatedCollectionViewLayout.swift; sourceTree = "<group>"; };
		42D53912253C60B80006E1F5 /* UIView+Anchor.swift */ = {isa = PBXFileReference; fileEncoding = 4; lastKnownFileType = sourcecode.swift; path = "UIView+Anchor.swift"; sourceTree = "<group>"; };
		42D53913253C60B80006E1F5 /* LayoutAttributesAnimator.swift */ = {isa = PBXFileReference; fileEncoding = 4; lastKnownFileType = sourcecode.swift; path = LayoutAttributesAnimator.swift; sourceTree = "<group>"; };
		42D53914253C60B80006E1F5 /* README.md */ = {isa = PBXFileReference; fileEncoding = 4; lastKnownFileType = net.daringfireball.markdown; path = README.md; sourceTree = "<group>"; };
		42D53974253C9BC10006E1F5 /* SegmentedProgressBar.swift */ = {isa = PBXFileReference; lastKnownFileType = sourcecode.swift; path = SegmentedProgressBar.swift; sourceTree = "<group>"; };
		6080ED22451F71AF869819A2 /* Pods-Story-StoryUITests.debug.xcconfig */ = {isa = PBXFileReference; includeInIndex = 1; lastKnownFileType = text.xcconfig; name = "Pods-Story-StoryUITests.debug.xcconfig"; path = "Target Support Files/Pods-Story-StoryUITests/Pods-Story-StoryUITests.debug.xcconfig"; sourceTree = "<group>"; };
		7CED50B9251768076C371A30 /* Pods-StoryTests.release.xcconfig */ = {isa = PBXFileReference; includeInIndex = 1; lastKnownFileType = text.xcconfig; name = "Pods-StoryTests.release.xcconfig"; path = "Target Support Files/Pods-StoryTests/Pods-StoryTests.release.xcconfig"; sourceTree = "<group>"; };
		84C220A9A6F15056CF5FB174 /* Pods-Story.debug.xcconfig */ = {isa = PBXFileReference; includeInIndex = 1; lastKnownFileType = text.xcconfig; name = "Pods-Story.debug.xcconfig"; path = "Target Support Files/Pods-Story/Pods-Story.debug.xcconfig"; sourceTree = "<group>"; };
		98ADC2088A2AF8BE4A4004E9 /* Pods-StoryTests.debug.xcconfig */ = {isa = PBXFileReference; includeInIndex = 1; lastKnownFileType = text.xcconfig; name = "Pods-StoryTests.debug.xcconfig"; path = "Target Support Files/Pods-StoryTests/Pods-StoryTests.debug.xcconfig"; sourceTree = "<group>"; };
		BA21042812B67AAC6748A3C7 /* Pods_Story.framework */ = {isa = PBXFileReference; explicitFileType = wrapper.framework; includeInIndex = 0; path = Pods_Story.framework; sourceTree = BUILT_PRODUCTS_DIR; };
		C6B278B8F29A0909D0F77D0D /* Pods-Story-StoryUITests.release.xcconfig */ = {isa = PBXFileReference; includeInIndex = 1; lastKnownFileType = text.xcconfig; name = "Pods-Story-StoryUITests.release.xcconfig"; path = "Target Support Files/Pods-Story-StoryUITests/Pods-Story-StoryUITests.release.xcconfig"; sourceTree = "<group>"; };
		DA6B961DEB00A9922A9088BA /* Pods-Story.release.xcconfig */ = {isa = PBXFileReference; includeInIndex = 1; lastKnownFileType = text.xcconfig; name = "Pods-Story.release.xcconfig"; path = "Target Support Files/Pods-Story/Pods-Story.release.xcconfig"; sourceTree = "<group>"; };
/* End PBXFileReference section */

/* Begin PBXFrameworksBuildPhase section */
		428F0878253B498400BE7CA4 /* Frameworks */ = {
			isa = PBXFrameworksBuildPhase;
			buildActionMask = 2147483647;
			files = (
				C0B9678AE9596B4DFF35B3A2 /* Pods_Story.framework in Frameworks */,
			);
			runOnlyForDeploymentPostprocessing = 0;
		};
		428F088E253B498500BE7CA4 /* Frameworks */ = {
			isa = PBXFrameworksBuildPhase;
			buildActionMask = 2147483647;
			files = (
				0EDC83E498FA82BB4F43A4B2 /* Pods_StoryTests.framework in Frameworks */,
			);
			runOnlyForDeploymentPostprocessing = 0;
		};
		428F0899253B498500BE7CA4 /* Frameworks */ = {
			isa = PBXFrameworksBuildPhase;
			buildActionMask = 2147483647;
			files = (
				BDC2FC3A181912B29EA88DF1 /* Pods_Story_StoryUITests.framework in Frameworks */,
			);
			runOnlyForDeploymentPostprocessing = 0;
		};
/* End PBXFrameworksBuildPhase section */

/* Begin PBXGroup section */
		428F0872253B498400BE7CA4 = {
			isa = PBXGroup;
			children = (
				428F087D253B498400BE7CA4 /* Story */,
				428F0894253B498500BE7CA4 /* StoryTests */,
				428F089F253B498500BE7CA4 /* StoryUITests */,
				428F087C253B498400BE7CA4 /* Products */,
				E155511FA38939D36E8A069C /* Pods */,
				A559799EC5C403222C1214E5 /* Frameworks */,
			);
			sourceTree = "<group>";
		};
		428F087C253B498400BE7CA4 /* Products */ = {
			isa = PBXGroup;
			children = (
				428F087B253B498400BE7CA4 /* Story.app */,
				428F0891253B498500BE7CA4 /* StoryTests.xctest */,
				428F089C253B498500BE7CA4 /* StoryUITests.xctest */,
			);
			name = Products;
			sourceTree = "<group>";
		};
		428F087D253B498400BE7CA4 /* Story */ = {
			isa = PBXGroup;
			children = (
				42D53973253C9B970006E1F5 /* Externals */,
				428F08EF253B532600BE7CA4 /* Extension */,
				428F087E253B498400BE7CA4 /* AppDelegate.swift */,
				428F0880253B498400BE7CA4 /* SceneDelegate.swift */,
				428F0882253B498400BE7CA4 /* ViewController.swift */,
				428F0887253B498500BE7CA4 /* Assets.xcassets */,
				428F08BB253B4DA800BE7CA4 /* StoryPage */,
				428F08BA253B4D8600BE7CA4 /* MainPage */,
				428F0889253B498500BE7CA4 /* LaunchScreen.storyboard */,
				428F088C253B498500BE7CA4 /* Info.plist */,
				428F091A253B9A0700BE7CA4 /* Constants.swift */,
			);
			path = Story;
			sourceTree = "<group>";
		};
		428F0894253B498500BE7CA4 /* StoryTests */ = {
			isa = PBXGroup;
			children = (
				428F0895253B498500BE7CA4 /* StoryTests.swift */,
				428F0897253B498500BE7CA4 /* Info.plist */,
			);
			path = StoryTests;
			sourceTree = "<group>";
		};
		428F089F253B498500BE7CA4 /* StoryUITests */ = {
			isa = PBXGroup;
			children = (
				428F08A0253B498500BE7CA4 /* StoryUITests.swift */,
				428F08A2253B498500BE7CA4 /* Info.plist */,
			);
			path = StoryUITests;
			sourceTree = "<group>";
		};
		428F08BA253B4D8600BE7CA4 /* MainPage */ = {
			isa = PBXGroup;
			children = (
				428F0905253B571600BE7CA4 /* MainViewController.swift */,
				428F090A253B767600BE7CA4 /* CollectionViewCell.swift */,
				428F091F253B9D1700BE7CA4 /* ProfilesModel.swift */,
				428F093A253BC9B300BE7CA4 /* MainView.swift */,
			);
			path = MainPage;
			sourceTree = "<group>";
		};
		428F08BB253B4DA800BE7CA4 /* StoryPage */ = {
			isa = PBXGroup;
			children = (
				428F090F253B82DB00BE7CA4 /* StoryViewController.swift */,
				42D538B8253BE5970006E1F5 /* StoryView.swift */,
				42D538C0253BE6E80006E1F5 /* StoryCell.swift */,
			);
			path = StoryPage;
			sourceTree = "<group>";
		};
		428F08EF253B532600BE7CA4 /* Extension */ = {
			isa = PBXGroup;
			children = (
				428F0935253BA03400BE7CA4 /* story.json */,
				428F08F0253B533A00BE7CA4 /* UIViewExtension.swift */,
				428F0914253B83F000BE7CA4 /* UIImageViewExtension.swift */,
			);
			path = Extension;
			sourceTree = "<group>";
		};
		42D538E8253C60B80006E1F5 /* Source */ = {
			isa = PBXGroup;
			children = (
				42D538E9253C60B80006E1F5 /* Stubs */,
				42D538EB253C60B80006E1F5 /* CollectionViewCell */,
				42D538ED253C60B80006E1F5 /* Extension */,
				42D538F2253C60B80006E1F5 /* StoryHeaderView & ProgressView */,
				42D538F5253C60B80006E1F5 /* Models */,
				42D538FA253C60B80006E1F5 /* ImageStorer */,
				42D53902253C60B80006E1F5 /* IGPlayerView */,
				42D53904253C60B80006E1F5 /* Common */,
				42D53908253C60B80006E1F5 /* StoryPreviewView */,
				42D5390A253C60B80006E1F5 /* External */,
			);
			path = Source;
			sourceTree = "<group>";
		};
		42D538E9253C60B80006E1F5 /* Stubs */ = {
			isa = PBXGroup;
			children = (
				42D538EA253C60B80006E1F5 /* IGMockLoader.swift */,
			);
			path = Stubs;
			sourceTree = "<group>";
		};
		42D538EB253C60B80006E1F5 /* CollectionViewCell */ = {
			isa = PBXGroup;
			children = (
				42D538EC253C60B80006E1F5 /* IGStoryPreviewCell.swift */,
			);
			path = CollectionViewCell;
			sourceTree = "<group>";
		};
		42D538ED253C60B80006E1F5 /* Extension */ = {
			isa = PBXGroup;
			children = (
				42D538EE253C60B80006E1F5 /* UIView+Extension.swift */,
				42D538EF253C60B80006E1F5 /* IGAdditions.swift */,
				42D538F0253C60B80006E1F5 /* Color+Additions.swift */,
				42D538F1253C60B80006E1F5 /* ImageView+Additions.swift */,
			);
			path = Extension;
			sourceTree = "<group>";
		};
		42D538F2253C60B80006E1F5 /* StoryHeaderView & ProgressView */ = {
			isa = PBXGroup;
			children = (
				42D538F3253C60B80006E1F5 /* IGSnapProgressView.swift */,
				42D538F4253C60B80006E1F5 /* IGStoryPreviewHeaderView.swift */,
			);
			path = "StoryHeaderView & ProgressView";
			sourceTree = "<group>";
		};
		42D538F5253C60B80006E1F5 /* Models */ = {
			isa = PBXGroup;
			children = (
				42D538F6253C60B80006E1F5 /* IGStory.swift */,
				42D538F7253C60B80006E1F5 /* IGStories.swift */,
				42D538F8253C60B80006E1F5 /* IGSnap.swift */,
				42D538F9253C60B80006E1F5 /* IGUser.swift */,
			);
			path = Models;
			sourceTree = "<group>";
		};
		42D538FA253C60B80006E1F5 /* ImageStorer */ = {
			isa = PBXGroup;
			children = (
				42D538FB253C60B80006E1F5 /* UIImageView+Extension.swift */,
				42D538FC253C60B80006E1F5 /* IGResult.swift */,
				42D538FD253C60B80006E1F5 /* IGRoundedView.swift */,
				42D538FE253C60B80006E1F5 /* IGImageRequestable.swift */,
				42D538FF253C60B80006E1F5 /* IGError.swift */,
				42D53900253C60B80006E1F5 /* IGURLSession.swift */,
				42D53901253C60B80006E1F5 /* IGCache.swift */,
			);
			path = ImageStorer;
			sourceTree = "<group>";
		};
		42D53902253C60B80006E1F5 /* IGPlayerView */ = {
			isa = PBXGroup;
			children = (
				42D53903253C60B80006E1F5 /* IGPlayerView.swift */,
			);
			path = IGPlayerView;
			sourceTree = "<group>";
		};
		42D53904253C60B80006E1F5 /* Common */ = {
			isa = PBXGroup;
			children = (
				42D53905253C60B80006E1F5 /* IGCommon.swift */,
				42D53906253C60B80006E1F5 /* IGConstants.swift */,
				42D53907253C60B80006E1F5 /* IGRetryButton.swift */,
			);
			path = Common;
			sourceTree = "<group>";
		};
		42D53908253C60B80006E1F5 /* StoryPreviewView */ = {
			isa = PBXGroup;
			children = (
				42D53909253C60B80006E1F5 /* IGStoryPreviewView.swift */,
			);
			path = StoryPreviewView;
			sourceTree = "<group>";
		};
		42D5390A253C60B80006E1F5 /* External */ = {
			isa = PBXGroup;
			children = (
				42D5390B253C60B80006E1F5 /* Reachability */,
				42D5390D253C60B80006E1F5 /* AnimatedCollectionViewLayout */,
			);
			path = External;
			sourceTree = "<group>";
		};
		42D5390B253C60B80006E1F5 /* Reachability */ = {
			isa = PBXGroup;
			children = (
				42D5390C253C60B80006E1F5 /* Reachability.swift */,
			);
			path = Reachability;
			sourceTree = "<group>";
		};
		42D5390D253C60B80006E1F5 /* AnimatedCollectionViewLayout */ = {
			isa = PBXGroup;
			children = (
				42D5390E253C60B80006E1F5 /* LICENSE */,
				42D5390F253C60B80006E1F5 /* Source */,
				42D53914253C60B80006E1F5 /* README.md */,
			);
			path = AnimatedCollectionViewLayout;
			sourceTree = "<group>";
		};
		42D5390F253C60B80006E1F5 /* Source */ = {
			isa = PBXGroup;
			children = (
				42D53910253C60B80006E1F5 /* CubeAttributesAnimator.swift */,
				42D53911253C60B80006E1F5 /* AnimatedCollectionViewLayout.swift */,
				42D53912253C60B80006E1F5 /* UIView+Anchor.swift */,
				42D53913253C60B80006E1F5 /* LayoutAttributesAnimator.swift */,
			);
			path = Source;
			sourceTree = "<group>";
		};
		42D53973253C9B970006E1F5 /* Externals */ = {
			isa = PBXGroup;
			children = (
				42D538E8253C60B80006E1F5 /* Source */,
				42D53974253C9BC10006E1F5 /* SegmentedProgressBar.swift */,
			);
			path = Externals;
			sourceTree = "<group>";
		};
		A559799EC5C403222C1214E5 /* Frameworks */ = {
			isa = PBXGroup;
			children = (
				BA21042812B67AAC6748A3C7 /* Pods_Story.framework */,
				1605583CDC1810D11CB060EE /* Pods_Story_StoryUITests.framework */,
				3BECAE4C5A1CCFCDFA1FBF59 /* Pods_StoryTests.framework */,
			);
			name = Frameworks;
			sourceTree = "<group>";
		};
		E155511FA38939D36E8A069C /* Pods */ = {
			isa = PBXGroup;
			children = (
				84C220A9A6F15056CF5FB174 /* Pods-Story.debug.xcconfig */,
				DA6B961DEB00A9922A9088BA /* Pods-Story.release.xcconfig */,
				6080ED22451F71AF869819A2 /* Pods-Story-StoryUITests.debug.xcconfig */,
				C6B278B8F29A0909D0F77D0D /* Pods-Story-StoryUITests.release.xcconfig */,
				98ADC2088A2AF8BE4A4004E9 /* Pods-StoryTests.debug.xcconfig */,
				7CED50B9251768076C371A30 /* Pods-StoryTests.release.xcconfig */,
			);
			path = Pods;
			sourceTree = "<group>";
		};
/* End PBXGroup section */

/* Begin PBXNativeTarget section */
		428F087A253B498400BE7CA4 /* Story */ = {
			isa = PBXNativeTarget;
			buildConfigurationList = 428F08A5253B498500BE7CA4 /* Build configuration list for PBXNativeTarget "Story" */;
			buildPhases = (
				EA740AA980324EB28E1A3844 /* [CP] Check Pods Manifest.lock */,
				428F0877253B498400BE7CA4 /* Sources */,
				428F0878253B498400BE7CA4 /* Frameworks */,
				428F0879253B498400BE7CA4 /* Resources */,
				36E81E67BAE149BD166EF02A /* [CP] Embed Pods Frameworks */,
			);
			buildRules = (
			);
			dependencies = (
			);
			name = Story;
			productName = Story;
			productReference = 428F087B253B498400BE7CA4 /* Story.app */;
			productType = "com.apple.product-type.application";
		};
		428F0890253B498500BE7CA4 /* StoryTests */ = {
			isa = PBXNativeTarget;
			buildConfigurationList = 428F08A8253B498500BE7CA4 /* Build configuration list for PBXNativeTarget "StoryTests" */;
			buildPhases = (
				D2926E7B66F1209B686B2FB4 /* [CP] Check Pods Manifest.lock */,
				428F088D253B498500BE7CA4 /* Sources */,
				428F088E253B498500BE7CA4 /* Frameworks */,
				428F088F253B498500BE7CA4 /* Resources */,
			);
			buildRules = (
			);
			dependencies = (
				428F0893253B498500BE7CA4 /* PBXTargetDependency */,
			);
			name = StoryTests;
			productName = StoryTests;
			productReference = 428F0891253B498500BE7CA4 /* StoryTests.xctest */;
			productType = "com.apple.product-type.bundle.unit-test";
		};
		428F089B253B498500BE7CA4 /* StoryUITests */ = {
			isa = PBXNativeTarget;
			buildConfigurationList = 428F08AB253B498500BE7CA4 /* Build configuration list for PBXNativeTarget "StoryUITests" */;
			buildPhases = (
				1DF2F23823A9B42FDF986F08 /* [CP] Check Pods Manifest.lock */,
				428F0898253B498500BE7CA4 /* Sources */,
				428F0899253B498500BE7CA4 /* Frameworks */,
				428F089A253B498500BE7CA4 /* Resources */,
				828BB2B2243666D6E8515C2E /* [CP] Embed Pods Frameworks */,
			);
			buildRules = (
			);
			dependencies = (
				428F089E253B498500BE7CA4 /* PBXTargetDependency */,
			);
			name = StoryUITests;
			productName = StoryUITests;
			productReference = 428F089C253B498500BE7CA4 /* StoryUITests.xctest */;
			productType = "com.apple.product-type.bundle.ui-testing";
		};
/* End PBXNativeTarget section */

/* Begin PBXProject section */
		428F0873253B498400BE7CA4 /* Project object */ = {
			isa = PBXProject;
			attributes = {
				LastSwiftUpdateCheck = 1200;
				LastUpgradeCheck = 1200;
				TargetAttributes = {
					428F087A253B498400BE7CA4 = {
						CreatedOnToolsVersion = 12.0.1;
					};
					428F0890253B498500BE7CA4 = {
						CreatedOnToolsVersion = 12.0.1;
						TestTargetID = 428F087A253B498400BE7CA4;
					};
					428F089B253B498500BE7CA4 = {
						CreatedOnToolsVersion = 12.0.1;
						TestTargetID = 428F087A253B498400BE7CA4;
					};
				};
			};
			buildConfigurationList = 428F0876253B498400BE7CA4 /* Build configuration list for PBXProject "Story" */;
			compatibilityVersion = "Xcode 9.3";
			developmentRegion = en;
			hasScannedForEncodings = 0;
			knownRegions = (
				en,
				Base,
			);
			mainGroup = 428F0872253B498400BE7CA4;
			productRefGroup = 428F087C253B498400BE7CA4 /* Products */;
			projectDirPath = "";
			projectRoot = "";
			targets = (
				428F087A253B498400BE7CA4 /* Story */,
				428F0890253B498500BE7CA4 /* StoryTests */,
				428F089B253B498500BE7CA4 /* StoryUITests */,
			);
		};
/* End PBXProject section */

/* Begin PBXResourcesBuildPhase section */
		428F0879253B498400BE7CA4 /* Resources */ = {
			isa = PBXResourcesBuildPhase;
			buildActionMask = 2147483647;
			files = (
				428F088B253B498500BE7CA4 /* LaunchScreen.storyboard in Resources */,
				428F0888253B498500BE7CA4 /* Assets.xcassets in Resources */,
				42D53933253C60B80006E1F5 /* README.md in Resources */,
				42D5392E253C60B80006E1F5 /* LICENSE in Resources */,
				428F0936253BA03400BE7CA4 /* story.json in Resources */,
			);
			runOnlyForDeploymentPostprocessing = 0;
		};
		428F088F253B498500BE7CA4 /* Resources */ = {
			isa = PBXResourcesBuildPhase;
			buildActionMask = 2147483647;
			files = (
			);
			runOnlyForDeploymentPostprocessing = 0;
		};
		428F089A253B498500BE7CA4 /* Resources */ = {
			isa = PBXResourcesBuildPhase;
			buildActionMask = 2147483647;
			files = (
			);
			runOnlyForDeploymentPostprocessing = 0;
		};
/* End PBXResourcesBuildPhase section */

/* Begin PBXShellScriptBuildPhase section */
		1DF2F23823A9B42FDF986F08 /* [CP] Check Pods Manifest.lock */ = {
			isa = PBXShellScriptBuildPhase;
			buildActionMask = 2147483647;
			files = (
			);
			inputFileListPaths = (
			);
			inputPaths = (
				"${PODS_PODFILE_DIR_PATH}/Podfile.lock",
				"${PODS_ROOT}/Manifest.lock",
			);
			name = "[CP] Check Pods Manifest.lock";
			outputFileListPaths = (
			);
			outputPaths = (
				"$(DERIVED_FILE_DIR)/Pods-Story-StoryUITests-checkManifestLockResult.txt",
			);
			runOnlyForDeploymentPostprocessing = 0;
			shellPath = /bin/sh;
			shellScript = "diff \"${PODS_PODFILE_DIR_PATH}/Podfile.lock\" \"${PODS_ROOT}/Manifest.lock\" > /dev/null\nif [ $? != 0 ] ; then\n    # print error to STDERR\n    echo \"error: The sandbox is not in sync with the Podfile.lock. Run 'pod install' or update your CocoaPods installation.\" >&2\n    exit 1\nfi\n# This output is used by Xcode 'outputs' to avoid re-running this script phase.\necho \"SUCCESS\" > \"${SCRIPT_OUTPUT_FILE_0}\"\n";
			showEnvVarsInLog = 0;
		};
		36E81E67BAE149BD166EF02A /* [CP] Embed Pods Frameworks */ = {
			isa = PBXShellScriptBuildPhase;
			buildActionMask = 2147483647;
			files = (
			);
			inputFileListPaths = (
				"${PODS_ROOT}/Target Support Files/Pods-Story/Pods-Story-frameworks-${CONFIGURATION}-input-files.xcfilelist",
			);
			name = "[CP] Embed Pods Frameworks";
			outputFileListPaths = (
				"${PODS_ROOT}/Target Support Files/Pods-Story/Pods-Story-frameworks-${CONFIGURATION}-output-files.xcfilelist",
			);
			runOnlyForDeploymentPostprocessing = 0;
			shellPath = /bin/sh;
			shellScript = "\"${PODS_ROOT}/Target Support Files/Pods-Story/Pods-Story-frameworks.sh\"\n";
			showEnvVarsInLog = 0;
		};
		828BB2B2243666D6E8515C2E /* [CP] Embed Pods Frameworks */ = {
			isa = PBXShellScriptBuildPhase;
			buildActionMask = 2147483647;
			files = (
			);
			inputFileListPaths = (
				"${PODS_ROOT}/Target Support Files/Pods-Story-StoryUITests/Pods-Story-StoryUITests-frameworks-${CONFIGURATION}-input-files.xcfilelist",
			);
			name = "[CP] Embed Pods Frameworks";
			outputFileListPaths = (
				"${PODS_ROOT}/Target Support Files/Pods-Story-StoryUITests/Pods-Story-StoryUITests-frameworks-${CONFIGURATION}-output-files.xcfilelist",
			);
			runOnlyForDeploymentPostprocessing = 0;
			shellPath = /bin/sh;
			shellScript = "\"${PODS_ROOT}/Target Support Files/Pods-Story-StoryUITests/Pods-Story-StoryUITests-frameworks.sh\"\n";
			showEnvVarsInLog = 0;
		};
		D2926E7B66F1209B686B2FB4 /* [CP] Check Pods Manifest.lock */ = {
			isa = PBXShellScriptBuildPhase;
			buildActionMask = 2147483647;
			files = (
			);
			inputFileListPaths = (
			);
			inputPaths = (
				"${PODS_PODFILE_DIR_PATH}/Podfile.lock",
				"${PODS_ROOT}/Manifest.lock",
			);
			name = "[CP] Check Pods Manifest.lock";
			outputFileListPaths = (
			);
			outputPaths = (
				"$(DERIVED_FILE_DIR)/Pods-StoryTests-checkManifestLockResult.txt",
			);
			runOnlyForDeploymentPostprocessing = 0;
			shellPath = /bin/sh;
			shellScript = "diff \"${PODS_PODFILE_DIR_PATH}/Podfile.lock\" \"${PODS_ROOT}/Manifest.lock\" > /dev/null\nif [ $? != 0 ] ; then\n    # print error to STDERR\n    echo \"error: The sandbox is not in sync with the Podfile.lock. Run 'pod install' or update your CocoaPods installation.\" >&2\n    exit 1\nfi\n# This output is used by Xcode 'outputs' to avoid re-running this script phase.\necho \"SUCCESS\" > \"${SCRIPT_OUTPUT_FILE_0}\"\n";
			showEnvVarsInLog = 0;
		};
		EA740AA980324EB28E1A3844 /* [CP] Check Pods Manifest.lock */ = {
			isa = PBXShellScriptBuildPhase;
			buildActionMask = 2147483647;
			files = (
			);
			inputFileListPaths = (
			);
			inputPaths = (
				"${PODS_PODFILE_DIR_PATH}/Podfile.lock",
				"${PODS_ROOT}/Manifest.lock",
			);
			name = "[CP] Check Pods Manifest.lock";
			outputFileListPaths = (
			);
			outputPaths = (
				"$(DERIVED_FILE_DIR)/Pods-Story-checkManifestLockResult.txt",
			);
			runOnlyForDeploymentPostprocessing = 0;
			shellPath = /bin/sh;
			shellScript = "diff \"${PODS_PODFILE_DIR_PATH}/Podfile.lock\" \"${PODS_ROOT}/Manifest.lock\" > /dev/null\nif [ $? != 0 ] ; then\n    # print error to STDERR\n    echo \"error: The sandbox is not in sync with the Podfile.lock. Run 'pod install' or update your CocoaPods installation.\" >&2\n    exit 1\nfi\n# This output is used by Xcode 'outputs' to avoid re-running this script phase.\necho \"SUCCESS\" > \"${SCRIPT_OUTPUT_FILE_0}\"\n";
			showEnvVarsInLog = 0;
		};
/* End PBXShellScriptBuildPhase section */

/* Begin PBXSourcesBuildPhase section */
		428F0877253B498400BE7CA4 /* Sources */ = {
			isa = PBXSourcesBuildPhase;
			buildActionMask = 2147483647;
			files = (
				42D53916253C60B80006E1F5 /* IGStoryPreviewCell.swift in Sources */,
				428F08F1253B533A00BE7CA4 /* UIViewExtension.swift in Sources */,
				42D5392D253C60B80006E1F5 /* Reachability.swift in Sources */,
				42D53921253C60B80006E1F5 /* UIImageView+Extension.swift in Sources */,
				42D53931253C60B80006E1F5 /* UIView+Anchor.swift in Sources */,
				42D5391A253C60B80006E1F5 /* ImageView+Additions.swift in Sources */,
				42D53925253C60B80006E1F5 /* IGError.swift in Sources */,
				42D53917253C60B80006E1F5 /* UIView+Extension.swift in Sources */,
				42D53920253C60B80006E1F5 /* IGUser.swift in Sources */,
				428F0883253B498400BE7CA4 /* ViewController.swift in Sources */,
				42D53930253C60B80006E1F5 /* AnimatedCollectionViewLayout.swift in Sources */,
				42D5391C253C60B80006E1F5 /* IGStoryPreviewHeaderView.swift in Sources */,
				42D53918253C60B80006E1F5 /* IGAdditions.swift in Sources */,
				42D53929253C60B80006E1F5 /* IGCommon.swift in Sources */,
				42D53922253C60B80006E1F5 /* IGResult.swift in Sources */,
				42D53915253C60B80006E1F5 /* IGMockLoader.swift in Sources */,
				42D53927253C60B80006E1F5 /* IGCache.swift in Sources */,
				428F090B253B767600BE7CA4 /* CollectionViewCell.swift in Sources */,
				42D5392C253C60B80006E1F5 /* IGStoryPreviewView.swift in Sources */,
				42D53924253C60B80006E1F5 /* IGImageRequestable.swift in Sources */,
				42D5392F253C60B80006E1F5 /* CubeAttributesAnimator.swift in Sources */,
				42D5392B253C60B80006E1F5 /* IGRetryButton.swift in Sources */,
				42D5391F253C60B80006E1F5 /* IGSnap.swift in Sources */,
				42D53919253C60B80006E1F5 /* Color+Additions.swift in Sources */,
				428F087F253B498400BE7CA4 /* AppDelegate.swift in Sources */,
				42D5391D253C60B80006E1F5 /* IGStory.swift in Sources */,
				42D538C1253BE6E80006E1F5 /* StoryCell.swift in Sources */,
				428F0881253B498400BE7CA4 /* SceneDelegate.swift in Sources */,
				42D53923253C60B80006E1F5 /* IGRoundedView.swift in Sources */,
				42D53928253C60B80006E1F5 /* IGPlayerView.swift in Sources */,
				42D5391E253C60B80006E1F5 /* IGStories.swift in Sources */,
				42D53932253C60B80006E1F5 /* LayoutAttributesAnimator.swift in Sources */,
				428F0920253B9D1700BE7CA4 /* ProfilesModel.swift in Sources */,
				42D538B9253BE5970006E1F5 /* StoryView.swift in Sources */,
				428F0910253B82DB00BE7CA4 /* StoryViewController.swift in Sources */,
				428F093B253BC9B300BE7CA4 /* MainView.swift in Sources */,
				428F0915253B83F000BE7CA4 /* UIImageViewExtension.swift in Sources */,
				42D5391B253C60B80006E1F5 /* IGSnapProgressView.swift in Sources */,
				42D53926253C60B80006E1F5 /* IGURLSession.swift in Sources */,
				428F0906253B571600BE7CA4 /* MainViewController.swift in Sources */,
				428F091B253B9A0700BE7CA4 /* Constants.swift in Sources */,
				42D5392A253C60B80006E1F5 /* IGConstants.swift in Sources */,
				42D53975253C9BC10006E1F5 /* SegmentedProgressBar.swift in Sources */,
			);
			runOnlyForDeploymentPostprocessing = 0;
		};
		428F088D253B498500BE7CA4 /* Sources */ = {
			isa = PBXSourcesBuildPhase;
			buildActionMask = 2147483647;
			files = (
				428F0896253B498500BE7CA4 /* StoryTests.swift in Sources */,
			);
			runOnlyForDeploymentPostprocessing = 0;
		};
		428F0898253B498500BE7CA4 /* Sources */ = {
			isa = PBXSourcesBuildPhase;
			buildActionMask = 2147483647;
			files = (
				428F08A1253B498500BE7CA4 /* StoryUITests.swift in Sources */,
			);
			runOnlyForDeploymentPostprocessing = 0;
		};
/* End PBXSourcesBuildPhase section */

/* Begin PBXTargetDependency section */
		428F0893253B498500BE7CA4 /* PBXTargetDependency */ = {
			isa = PBXTargetDependency;
			target = 428F087A253B498400BE7CA4 /* Story */;
			targetProxy = 428F0892253B498500BE7CA4 /* PBXContainerItemProxy */;
		};
		428F089E253B498500BE7CA4 /* PBXTargetDependency */ = {
			isa = PBXTargetDependency;
			target = 428F087A253B498400BE7CA4 /* Story */;
			targetProxy = 428F089D253B498500BE7CA4 /* PBXContainerItemProxy */;
		};
/* End PBXTargetDependency section */

/* Begin PBXVariantGroup section */
		428F0889253B498500BE7CA4 /* LaunchScreen.storyboard */ = {
			isa = PBXVariantGroup;
			children = (
				428F088A253B498500BE7CA4 /* Base */,
			);
			name = LaunchScreen.storyboard;
			sourceTree = "<group>";
		};
/* End PBXVariantGroup section */

/* Begin XCBuildConfiguration section */
		428F08A3253B498500BE7CA4 /* Debug */ = {
			isa = XCBuildConfiguration;
			buildSettings = {
				ALWAYS_SEARCH_USER_PATHS = NO;
				CLANG_ANALYZER_NONNULL = YES;
				CLANG_ANALYZER_NUMBER_OBJECT_CONVERSION = YES_AGGRESSIVE;
				CLANG_CXX_LANGUAGE_STANDARD = "gnu++14";
				CLANG_CXX_LIBRARY = "libc++";
				CLANG_ENABLE_MODULES = YES;
				CLANG_ENABLE_OBJC_ARC = YES;
				CLANG_ENABLE_OBJC_WEAK = YES;
				CLANG_WARN_BLOCK_CAPTURE_AUTORELEASING = YES;
				CLANG_WARN_BOOL_CONVERSION = YES;
				CLANG_WARN_COMMA = YES;
				CLANG_WARN_CONSTANT_CONVERSION = YES;
				CLANG_WARN_DEPRECATED_OBJC_IMPLEMENTATIONS = YES;
				CLANG_WARN_DIRECT_OBJC_ISA_USAGE = YES_ERROR;
				CLANG_WARN_DOCUMENTATION_COMMENTS = YES;
				CLANG_WARN_EMPTY_BODY = YES;
				CLANG_WARN_ENUM_CONVERSION = YES;
				CLANG_WARN_INFINITE_RECURSION = YES;
				CLANG_WARN_INT_CONVERSION = YES;
				CLANG_WARN_NON_LITERAL_NULL_CONVERSION = YES;
				CLANG_WARN_OBJC_IMPLICIT_RETAIN_SELF = YES;
				CLANG_WARN_OBJC_LITERAL_CONVERSION = YES;
				CLANG_WARN_OBJC_ROOT_CLASS = YES_ERROR;
				CLANG_WARN_QUOTED_INCLUDE_IN_FRAMEWORK_HEADER = YES;
				CLANG_WARN_RANGE_LOOP_ANALYSIS = YES;
				CLANG_WARN_STRICT_PROTOTYPES = YES;
				CLANG_WARN_SUSPICIOUS_MOVE = YES;
				CLANG_WARN_UNGUARDED_AVAILABILITY = YES_AGGRESSIVE;
				CLANG_WARN_UNREACHABLE_CODE = YES;
				CLANG_WARN__DUPLICATE_METHOD_MATCH = YES;
				COPY_PHASE_STRIP = NO;
				DEBUG_INFORMATION_FORMAT = dwarf;
				ENABLE_STRICT_OBJC_MSGSEND = YES;
				ENABLE_TESTABILITY = YES;
				GCC_C_LANGUAGE_STANDARD = gnu11;
				GCC_DYNAMIC_NO_PIC = NO;
				GCC_NO_COMMON_BLOCKS = YES;
				GCC_OPTIMIZATION_LEVEL = 0;
				GCC_PREPROCESSOR_DEFINITIONS = (
					"DEBUG=1",
					"$(inherited)",
				);
				GCC_WARN_64_TO_32_BIT_CONVERSION = YES;
				GCC_WARN_ABOUT_RETURN_TYPE = YES_ERROR;
				GCC_WARN_UNDECLARED_SELECTOR = YES;
				GCC_WARN_UNINITIALIZED_AUTOS = YES_AGGRESSIVE;
				GCC_WARN_UNUSED_FUNCTION = YES;
				GCC_WARN_UNUSED_VARIABLE = YES;
				IPHONEOS_DEPLOYMENT_TARGET = 14.0;
				MTL_ENABLE_DEBUG_INFO = INCLUDE_SOURCE;
				MTL_FAST_MATH = YES;
				ONLY_ACTIVE_ARCH = YES;
				SDKROOT = iphoneos;
				SWIFT_ACTIVE_COMPILATION_CONDITIONS = DEBUG;
				SWIFT_OPTIMIZATION_LEVEL = "-Onone";
			};
			name = Debug;
		};
		428F08A4253B498500BE7CA4 /* Release */ = {
			isa = XCBuildConfiguration;
			buildSettings = {
				ALWAYS_SEARCH_USER_PATHS = NO;
				CLANG_ANALYZER_NONNULL = YES;
				CLANG_ANALYZER_NUMBER_OBJECT_CONVERSION = YES_AGGRESSIVE;
				CLANG_CXX_LANGUAGE_STANDARD = "gnu++14";
				CLANG_CXX_LIBRARY = "libc++";
				CLANG_ENABLE_MODULES = YES;
				CLANG_ENABLE_OBJC_ARC = YES;
				CLANG_ENABLE_OBJC_WEAK = YES;
				CLANG_WARN_BLOCK_CAPTURE_AUTORELEASING = YES;
				CLANG_WARN_BOOL_CONVERSION = YES;
				CLANG_WARN_COMMA = YES;
				CLANG_WARN_CONSTANT_CONVERSION = YES;
				CLANG_WARN_DEPRECATED_OBJC_IMPLEMENTATIONS = YES;
				CLANG_WARN_DIRECT_OBJC_ISA_USAGE = YES_ERROR;
				CLANG_WARN_DOCUMENTATION_COMMENTS = YES;
				CLANG_WARN_EMPTY_BODY = YES;
				CLANG_WARN_ENUM_CONVERSION = YES;
				CLANG_WARN_INFINITE_RECURSION = YES;
				CLANG_WARN_INT_CONVERSION = YES;
				CLANG_WARN_NON_LITERAL_NULL_CONVERSION = YES;
				CLANG_WARN_OBJC_IMPLICIT_RETAIN_SELF = YES;
				CLANG_WARN_OBJC_LITERAL_CONVERSION = YES;
				CLANG_WARN_OBJC_ROOT_CLASS = YES_ERROR;
				CLANG_WARN_QUOTED_INCLUDE_IN_FRAMEWORK_HEADER = YES;
				CLANG_WARN_RANGE_LOOP_ANALYSIS = YES;
				CLANG_WARN_STRICT_PROTOTYPES = YES;
				CLANG_WARN_SUSPICIOUS_MOVE = YES;
				CLANG_WARN_UNGUARDED_AVAILABILITY = YES_AGGRESSIVE;
				CLANG_WARN_UNREACHABLE_CODE = YES;
				CLANG_WARN__DUPLICATE_METHOD_MATCH = YES;
				COPY_PHASE_STRIP = NO;
				DEBUG_INFORMATION_FORMAT = "dwarf-with-dsym";
				ENABLE_NS_ASSERTIONS = NO;
				ENABLE_STRICT_OBJC_MSGSEND = YES;
				GCC_C_LANGUAGE_STANDARD = gnu11;
				GCC_NO_COMMON_BLOCKS = YES;
				GCC_WARN_64_TO_32_BIT_CONVERSION = YES;
				GCC_WARN_ABOUT_RETURN_TYPE = YES_ERROR;
				GCC_WARN_UNDECLARED_SELECTOR = YES;
				GCC_WARN_UNINITIALIZED_AUTOS = YES_AGGRESSIVE;
				GCC_WARN_UNUSED_FUNCTION = YES;
				GCC_WARN_UNUSED_VARIABLE = YES;
				IPHONEOS_DEPLOYMENT_TARGET = 14.0;
				MTL_ENABLE_DEBUG_INFO = NO;
				MTL_FAST_MATH = YES;
				SDKROOT = iphoneos;
				SWIFT_COMPILATION_MODE = wholemodule;
				SWIFT_OPTIMIZATION_LEVEL = "-O";
				VALIDATE_PRODUCT = YES;
			};
			name = Release;
		};
		428F08A6253B498500BE7CA4 /* Debug */ = {
			isa = XCBuildConfiguration;
			baseConfigurationReference = 84C220A9A6F15056CF5FB174 /* Pods-Story.debug.xcconfig */;
			buildSettings = {
				ASSETCATALOG_COMPILER_APPICON_NAME = AppIcon;
				ASSETCATALOG_COMPILER_GLOBAL_ACCENT_COLOR_NAME = AccentColor;
				CODE_SIGN_STYLE = Automatic;
				INFOPLIST_FILE = Story/Info.plist;
				LD_RUNPATH_SEARCH_PATHS = (
					"$(inherited)",
					"@executable_path/Frameworks",
				);
				PRODUCT_BUNDLE_IDENTIFIER = ertugrul.com.Story;
				PRODUCT_NAME = "$(TARGET_NAME)";
				SWIFT_VERSION = 5.0;
				TARGETED_DEVICE_FAMILY = "1,2";
			};
			name = Debug;
		};
		428F08A7253B498500BE7CA4 /* Release */ = {
			isa = XCBuildConfiguration;
			baseConfigurationReference = DA6B961DEB00A9922A9088BA /* Pods-Story.release.xcconfig */;
			buildSettings = {
				ASSETCATALOG_COMPILER_APPICON_NAME = AppIcon;
				ASSETCATALOG_COMPILER_GLOBAL_ACCENT_COLOR_NAME = AccentColor;
				CODE_SIGN_STYLE = Automatic;
				INFOPLIST_FILE = Story/Info.plist;
				LD_RUNPATH_SEARCH_PATHS = (
					"$(inherited)",
					"@executable_path/Frameworks",
				);
				PRODUCT_BUNDLE_IDENTIFIER = ertugrul.com.Story;
				PRODUCT_NAME = "$(TARGET_NAME)";
				SWIFT_VERSION = 5.0;
				TARGETED_DEVICE_FAMILY = "1,2";
			};
			name = Release;
		};
		428F08A9253B498500BE7CA4 /* Debug */ = {
			isa = XCBuildConfiguration;
			baseConfigurationReference = 98ADC2088A2AF8BE4A4004E9 /* Pods-StoryTests.debug.xcconfig */;
			buildSettings = {
				ALWAYS_EMBED_SWIFT_STANDARD_LIBRARIES = YES;
				BUNDLE_LOADER = "$(TEST_HOST)";
				CODE_SIGN_STYLE = Automatic;
				INFOPLIST_FILE = StoryTests/Info.plist;
				IPHONEOS_DEPLOYMENT_TARGET = 14.0;
				LD_RUNPATH_SEARCH_PATHS = (
					"$(inherited)",
					"@executable_path/Frameworks",
					"@loader_path/Frameworks",
				);
				PRODUCT_BUNDLE_IDENTIFIER = ertugrul.com.StoryTests;
				PRODUCT_NAME = "$(TARGET_NAME)";
				SWIFT_VERSION = 5.0;
				TARGETED_DEVICE_FAMILY = "1,2";
				TEST_HOST = "$(BUILT_PRODUCTS_DIR)/Story.app/Story";
			};
			name = Debug;
		};
		428F08AA253B498500BE7CA4 /* Release */ = {
			isa = XCBuildConfiguration;
			baseConfigurationReference = 7CED50B9251768076C371A30 /* Pods-StoryTests.release.xcconfig */;
			buildSettings = {
				ALWAYS_EMBED_SWIFT_STANDARD_LIBRARIES = YES;
				BUNDLE_LOADER = "$(TEST_HOST)";
				CODE_SIGN_STYLE = Automatic;
				INFOPLIST_FILE = StoryTests/Info.plist;
				IPHONEOS_DEPLOYMENT_TARGET = 14.0;
				LD_RUNPATH_SEARCH_PATHS = (
					"$(inherited)",
					"@executable_path/Frameworks",
					"@loader_path/Frameworks",
				);
				PRODUCT_BUNDLE_IDENTIFIER = ertugrul.com.StoryTests;
				PRODUCT_NAME = "$(TARGET_NAME)";
				SWIFT_VERSION = 5.0;
				TARGETED_DEVICE_FAMILY = "1,2";
				TEST_HOST = "$(BUILT_PRODUCTS_DIR)/Story.app/Story";
			};
			name = Release;
		};
		428F08AC253B498500BE7CA4 /* Debug */ = {
			isa = XCBuildConfiguration;
			baseConfigurationReference = 6080ED22451F71AF869819A2 /* Pods-Story-StoryUITests.debug.xcconfig */;
			buildSettings = {
				ALWAYS_EMBED_SWIFT_STANDARD_LIBRARIES = YES;
				CODE_SIGN_STYLE = Automatic;
				INFOPLIST_FILE = StoryUITests/Info.plist;
				LD_RUNPATH_SEARCH_PATHS = (
					"$(inherited)",
					"@executable_path/Frameworks",
					"@loader_path/Frameworks",
				);
				PRODUCT_BUNDLE_IDENTIFIER = ertugrul.com.StoryUITests;
				PRODUCT_NAME = "$(TARGET_NAME)";
				SWIFT_VERSION = 5.0;
				TARGETED_DEVICE_FAMILY = "1,2";
				TEST_TARGET_NAME = Story;
			};
			name = Debug;
		};
		428F08AD253B498500BE7CA4 /* Release */ = {
			isa = XCBuildConfiguration;
			baseConfigurationReference = C6B278B8F29A0909D0F77D0D /* Pods-Story-StoryUITests.release.xcconfig */;
			buildSettings = {
				ALWAYS_EMBED_SWIFT_STANDARD_LIBRARIES = YES;
				CODE_SIGN_STYLE = Automatic;
				INFOPLIST_FILE = StoryUITests/Info.plist;
				LD_RUNPATH_SEARCH_PATHS = (
					"$(inherited)",
					"@executable_path/Frameworks",
					"@loader_path/Frameworks",
				);
				PRODUCT_BUNDLE_IDENTIFIER = ertugrul.com.StoryUITests;
				PRODUCT_NAME = "$(TARGET_NAME)";
				SWIFT_VERSION = 5.0;
				TARGETED_DEVICE_FAMILY = "1,2";
				TEST_TARGET_NAME = Story;
			};
			name = Release;
		};
/* End XCBuildConfiguration section */

/* Begin XCConfigurationList section */
		428F0876253B498400BE7CA4 /* Build configuration list for PBXProject "Story" */ = {
			isa = XCConfigurationList;
			buildConfigurations = (
				428F08A3253B498500BE7CA4 /* Debug */,
				428F08A4253B498500BE7CA4 /* Release */,
			);
			defaultConfigurationIsVisible = 0;
			defaultConfigurationName = Release;
		};
		428F08A5253B498500BE7CA4 /* Build configuration list for PBXNativeTarget "Story" */ = {
			isa = XCConfigurationList;
			buildConfigurations = (
				428F08A6253B498500BE7CA4 /* Debug */,
				428F08A7253B498500BE7CA4 /* Release */,
			);
			defaultConfigurationIsVisible = 0;
			defaultConfigurationName = Release;
		};
		428F08A8253B498500BE7CA4 /* Build configuration list for PBXNativeTarget "StoryTests" */ = {
			isa = XCConfigurationList;
			buildConfigurations = (
				428F08A9253B498500BE7CA4 /* Debug */,
				428F08AA253B498500BE7CA4 /* Release */,
			);
			defaultConfigurationIsVisible = 0;
			defaultConfigurationName = Release;
		};
		428F08AB253B498500BE7CA4 /* Build configuration list for PBXNativeTarget "StoryUITests" */ = {
			isa = XCConfigurationList;
			buildConfigurations = (
				428F08AC253B498500BE7CA4 /* Debug */,
				428F08AD253B498500BE7CA4 /* Release */,
			);
			defaultConfigurationIsVisible = 0;
			defaultConfigurationName = Release;
		};
/* End XCConfigurationList section */
	};
	rootObject = 428F0873253B498400BE7CA4 /* Project object */;
}
